// !$*UTF8*$!
{
	archiveVersion = 1;
	classes = {
	};
	objectVersion = 77;
	objects = {

/* Begin PBXContainerItemProxy section */
		AE0056D02CD4046B00661FB3 /* PBXContainerItemProxy */ = {
			isa = PBXContainerItemProxy;
			containerPortal = AE0056B72CD4045A00661FB3 /* Project object */;
			proxyType = 1;
			remoteGlobalIDString = AE0056BE2CD4045A00661FB3;
			remoteInfo = SwiftRecipe;
		};
		AE0056DA2CD4046B00661FB3 /* PBXContainerItemProxy */ = {
			isa = PBXContainerItemProxy;
			containerPortal = AE0056B72CD4045A00661FB3 /* Project object */;
			proxyType = 1;
			remoteGlobalIDString = AE0056BE2CD4045A00661FB3;
			remoteInfo = SwiftRecipe;
		};
/* End PBXContainerItemProxy section */

/* Begin PBXFileReference section */
		AE0056BF2CD4045A00661FB3 /* SwiftRecipe.app */ = {isa = PBXFileReference; explicitFileType = wrapper.application; includeInIndex = 0; path = SwiftRecipe.app; sourceTree = BUILT_PRODUCTS_DIR; };
		AE0056CF2CD4046B00661FB3 /* SwiftRecipeTests.xctest */ = {isa = PBXFileReference; explicitFileType = wrapper.cfbundle; includeInIndex = 0; path = SwiftRecipeTests.xctest; sourceTree = BUILT_PRODUCTS_DIR; };
		AE0056D92CD4046B00661FB3 /* SwiftRecipeUITests.xctest */ = {isa = PBXFileReference; explicitFileType = wrapper.cfbundle; includeInIndex = 0; path = SwiftRecipeUITests.xctest; sourceTree = BUILT_PRODUCTS_DIR; };
/* End PBXFileReference section */

/* Begin PBXFileSystemSynchronizedRootGroup section */
		AE0056C12CD4045A00661FB3 /* SwiftRecipe */ = {
			isa = PBXFileSystemSynchronizedRootGroup;
			path = SwiftRecipe;
			sourceTree = "<group>";
		};
		AE0056D22CD4046B00661FB3 /* SwiftRecipeTests */ = {
			isa = PBXFileSystemSynchronizedRootGroup;
			path = SwiftRecipeTests;
			sourceTree = "<group>";
		};
		AE0056DC2CD4046B00661FB3 /* SwiftRecipeUITests */ = {
			isa = PBXFileSystemSynchronizedRootGroup;
			path = SwiftRecipeUITests;
			sourceTree = "<group>";
		};
/* End PBXFileSystemSynchronizedRootGroup section */

/* Begin PBXFrameworksBuildPhase section */
		AE0056BC2CD4045A00661FB3 /* Frameworks */ = {
			isa = PBXFrameworksBuildPhase;
			buildActionMask = 2147483647;
			files = (
			);
			runOnlyForDeploymentPostprocessing = 0;
		};
		AE0056CC2CD4046B00661FB3 /* Frameworks */ = {
			isa = PBXFrameworksBuildPhase;
			buildActionMask = 2147483647;
			files = (
			);
			runOnlyForDeploymentPostprocessing = 0;
		};
		AE0056D62CD4046B00661FB3 /* Frameworks */ = {
			isa = PBXFrameworksBuildPhase;
			buildActionMask = 2147483647;
			files = (
			);
			runOnlyForDeploymentPostprocessing = 0;
		};
/* End PBXFrameworksBuildPhase section */

/* Begin PBXGroup section */
		AE0056B62CD4045A00661FB3 = {
			isa = PBXGroup;
			children = (
				AE0056C12CD4045A00661FB3 /* SwiftRecipe */,
				AE0056D22CD4046B00661FB3 /* SwiftRecipeTests */,
				AE0056DC2CD4046B00661FB3 /* SwiftRecipeUITests */,
				AE0056C02CD4045A00661FB3 /* Products */,
			);
			sourceTree = "<group>";
		};
		AE0056C02CD4045A00661FB3 /* Products */ = {
			isa = PBXGroup;
			children = (
				AE0056BF2CD4045A00661FB3 /* SwiftRecipe.app */,
				AE0056CF2CD4046B00661FB3 /* SwiftRecipeTests.xctest */,
				AE0056D92CD4046B00661FB3 /* SwiftRecipeUITests.xctest */,
			);
			name = Products;
			sourceTree = "<group>";
		};
/* End PBXGroup section */

/* Begin PBXNativeTarget section */
		AE0056BE2CD4045A00661FB3 /* SwiftRecipe */ = {
			isa = PBXNativeTarget;
			buildConfigurationList = AE0056E32CD4046B00661FB3 /* Build configuration list for PBXNativeTarget "SwiftRecipe" */;
			buildPhases = (
				AE0056BB2CD4045A00661FB3 /* Sources */,
				AE0056BC2CD4045A00661FB3 /* Frameworks */,
				AE0056BD2CD4045A00661FB3 /* Resources */,
			);
			buildRules = (
			);
			dependencies = (
			);
			fileSystemSynchronizedGroups = (
				AE0056C12CD4045A00661FB3 /* SwiftRecipe */,
			);
			name = SwiftRecipe;
			packageProductDependencies = (
			);
			productName = SwiftRecipe;
			productReference = AE0056BF2CD4045A00661FB3 /* SwiftRecipe.app */;
			productType = "com.apple.product-type.application";
		};
		AE0056CE2CD4046B00661FB3 /* SwiftRecipeTests */ = {
			isa = PBXNativeTarget;
			buildConfigurationList = AE0056E62CD4046B00661FB3 /* Build configuration list for PBXNativeTarget "SwiftRecipeTests" */;
			buildPhases = (
				AE0056CB2CD4046B00661FB3 /* Sources */,
				AE0056CC2CD4046B00661FB3 /* Frameworks */,
				AE0056CD2CD4046B00661FB3 /* Resources */,
			);
			buildRules = (
			);
			dependencies = (
				AE0056D12CD4046B00661FB3 /* PBXTargetDependency */,
			);
			fileSystemSynchronizedGroups = (
				AE0056D22CD4046B00661FB3 /* SwiftRecipeTests */,
			);
			name = SwiftRecipeTests;
			packageProductDependencies = (
			);
			productName = SwiftRecipeTests;
			productReference = AE0056CF2CD4046B00661FB3 /* SwiftRecipeTests.xctest */;
			productType = "com.apple.product-type.bundle.unit-test";
		};
		AE0056D82CD4046B00661FB3 /* SwiftRecipeUITests */ = {
			isa = PBXNativeTarget;
			buildConfigurationList = AE0056E92CD4046B00661FB3 /* Build configuration list for PBXNativeTarget "SwiftRecipeUITests" */;
			buildPhases = (
				AE0056D52CD4046B00661FB3 /* Sources */,
				AE0056D62CD4046B00661FB3 /* Frameworks */,
				AE0056D72CD4046B00661FB3 /* Resources */,
			);
			buildRules = (
			);
			dependencies = (
				AE0056DB2CD4046B00661FB3 /* PBXTargetDependency */,
			);
			fileSystemSynchronizedGroups = (
				AE0056DC2CD4046B00661FB3 /* SwiftRecipeUITests */,
			);
			name = SwiftRecipeUITests;
			packageProductDependencies = (
			);
			productName = SwiftRecipeUITests;
			productReference = AE0056D92CD4046B00661FB3 /* SwiftRecipeUITests.xctest */;
			productType = "com.apple.product-type.bundle.ui-testing";
		};
/* End PBXNativeTarget section */

/* Begin PBXProject section */
		AE0056B72CD4045A00661FB3 /* Project object */ = {
			isa = PBXProject;
			attributes = {
				BuildIndependentTargetsInParallel = 1;
				LastSwiftUpdateCheck = 1610;
				LastUpgradeCheck = 1610;
				TargetAttributes = {
					AE0056BE2CD4045A00661FB3 = {
						CreatedOnToolsVersion = 16.1;
					};
					AE0056CE2CD4046B00661FB3 = {
						CreatedOnToolsVersion = 16.1;
						TestTargetID = AE0056BE2CD4045A00661FB3;
					};
					AE0056D82CD4046B00661FB3 = {
						CreatedOnToolsVersion = 16.1;
						TestTargetID = AE0056BE2CD4045A00661FB3;
					};
				};
			};
			buildConfigurationList = AE0056BA2CD4045A00661FB3 /* Build configuration list for PBXProject "SwiftRecipe" */;
			developmentRegion = en;
			hasScannedForEncodings = 0;
			knownRegions = (
				en,
				Base,
			);
			mainGroup = AE0056B62CD4045A00661FB3;
			minimizedProjectReferenceProxies = 1;
			preferredProjectObjectVersion = 77;
			productRefGroup = AE0056C02CD4045A00661FB3 /* Products */;
			projectDirPath = "";
			projectRoot = "";
			targets = (
				AE0056BE2CD4045A00661FB3 /* SwiftRecipe */,
				AE0056CE2CD4046B00661FB3 /* SwiftRecipeTests */,
				AE0056D82CD4046B00661FB3 /* SwiftRecipeUITests */,
			);
		};
/* End PBXProject section */

/* Begin PBXResourcesBuildPhase section */
		AE0056BD2CD4045A00661FB3 /* Resources */ = {
			isa = PBXResourcesBuildPhase;
			buildActionMask = 2147483647;
			files = (
			);
			runOnlyForDeploymentPostprocessing = 0;
		};
		AE0056CD2CD4046B00661FB3 /* Resources */ = {
			isa = PBXResourcesBuildPhase;
			buildActionMask = 2147483647;
			files = (
			);
			runOnlyForDeploymentPostprocessing = 0;
		};
		AE0056D72CD4046B00661FB3 /* Resources */ = {
			isa = PBXResourcesBuildPhase;
			buildActionMask = 2147483647;
			files = (
			);
			runOnlyForDeploymentPostprocessing = 0;
		};
/* End PBXResourcesBuildPhase section */

/* Begin PBXSourcesBuildPhase section */
		AE0056BB2CD4045A00661FB3 /* Sources */ = {
			isa = PBXSourcesBuildPhase;
			buildActionMask = 2147483647;
			files = (
			);
			runOnlyForDeploymentPostprocessing = 0;
		};
		AE0056CB2CD4046B00661FB3 /* Sources */ = {
			isa = PBXSourcesBuildPhase;
			buildActionMask = 2147483647;
			files = (
			);
			runOnlyForDeploymentPostprocessing = 0;
		};
		AE0056D52CD4046B00661FB3 /* Sources */ = {
			isa = PBXSourcesBuildPhase;
			buildActionMask = 2147483647;
			files = (
			);
			runOnlyForDeploymentPostprocessing = 0;
		};
/* End PBXSourcesBuildPhase section */

/* Begin PBXTargetDependency section */
		AE0056D12CD4046B00661FB3 /* PBXTargetDependency */ = {
			isa = PBXTargetDependency;
			target = AE0056BE2CD4045A00661FB3 /* SwiftRecipe */;
			targetProxy = AE0056D02CD4046B00661FB3 /* PBXContainerItemProxy */;
		};
		AE0056DB2CD4046B00661FB3 /* PBXTargetDependency */ = {
			isa = PBXTargetDependency;
			target = AE0056BE2CD4045A00661FB3 /* SwiftRecipe */;
			targetProxy = AE0056DA2CD4046B00661FB3 /* PBXContainerItemProxy */;
		};
/* End PBXTargetDependency section */

/* Begin XCBuildConfiguration section */
		AE0056E12CD4046B00661FB3 /* Debug */ = {
			isa = XCBuildConfiguration;
			buildSettings = {
				ALWAYS_SEARCH_USER_PATHS = NO;
				ASSETCATALOG_COMPILER_GENERATE_SWIFT_ASSET_SYMBOL_EXTENSIONS = YES;
				CLANG_ANALYZER_NONNULL = YES;
				CLANG_ANALYZER_NUMBER_OBJECT_CONVERSION = YES_AGGRESSIVE;
				CLANG_CXX_LANGUAGE_STANDARD = "gnu++20";
				CLANG_ENABLE_MODULES = YES;
				CLANG_ENABLE_OBJC_ARC = YES;
				CLANG_ENABLE_OBJC_WEAK = YES;
				CLANG_WARN_BLOCK_CAPTURE_AUTORELEASING = YES;
				CLANG_WARN_BOOL_CONVERSION = YES;
				CLANG_WARN_COMMA = YES;
				CLANG_WARN_CONSTANT_CONVERSION = YES;
				CLANG_WARN_DEPRECATED_OBJC_IMPLEMENTATIONS = YES;
				CLANG_WARN_DIRECT_OBJC_ISA_USAGE = YES_ERROR;
				CLANG_WARN_DOCUMENTATION_COMMENTS = YES;
				CLANG_WARN_EMPTY_BODY = YES;
				CLANG_WARN_ENUM_CONVERSION = YES;
				CLANG_WARN_INFINITE_RECURSION = YES;
				CLANG_WARN_INT_CONVERSION = YES;
				CLANG_WARN_NON_LITERAL_NULL_CONVERSION = YES;
				CLANG_WARN_OBJC_IMPLICIT_RETAIN_SELF = YES;
				CLANG_WARN_OBJC_LITERAL_CONVERSION = YES;
				CLANG_WARN_OBJC_ROOT_CLASS = YES_ERROR;
				CLANG_WARN_QUOTED_INCLUDE_IN_FRAMEWORK_HEADER = YES;
				CLANG_WARN_RANGE_LOOP_ANALYSIS = YES;
				CLANG_WARN_STRICT_PROTOTYPES = YES;
				CLANG_WARN_SUSPICIOUS_MOVE = YES;
				CLANG_WARN_UNGUARDED_AVAILABILITY = YES_AGGRESSIVE;
				CLANG_WARN_UNREACHABLE_CODE = YES;
				CLANG_WARN__DUPLICATE_METHOD_MATCH = YES;
				COPY_PHASE_STRIP = NO;
				DEBUG_INFORMATION_FORMAT = dwarf;
				ENABLE_STRICT_OBJC_MSGSEND = YES;
				ENABLE_TESTABILITY = YES;
				ENABLE_USER_SCRIPT_SANDBOXING = YES;
				GCC_C_LANGUAGE_STANDARD = gnu17;
				GCC_DYNAMIC_NO_PIC = NO;
				GCC_NO_COMMON_BLOCKS = YES;
				GCC_OPTIMIZATION_LEVEL = 0;
				GCC_PREPROCESSOR_DEFINITIONS = (
					"DEBUG=1",
					"$(inherited)",
				);
				GCC_WARN_64_TO_32_BIT_CONVERSION = YES;
				GCC_WARN_ABOUT_RETURN_TYPE = YES_ERROR;
				GCC_WARN_UNDECLARED_SELECTOR = YES;
				GCC_WARN_UNINITIALIZED_AUTOS = YES_AGGRESSIVE;
				GCC_WARN_UNUSED_FUNCTION = YES;
				GCC_WARN_UNUSED_VARIABLE = YES;
				IPHONEOS_DEPLOYMENT_TARGET = 18.1;
				LOCALIZATION_PREFERS_STRING_CATALOGS = YES;
				MTL_ENABLE_DEBUG_INFO = INCLUDE_SOURCE;
				MTL_FAST_MATH = YES;
				ONLY_ACTIVE_ARCH = YES;
				SDKROOT = iphoneos;
				SWIFT_ACTIVE_COMPILATION_CONDITIONS = "DEBUG $(inherited)";
				SWIFT_OPTIMIZATION_LEVEL = "-Onone";
			};
			name = Debug;
		};
		AE0056E22CD4046B00661FB3 /* Release */ = {
			isa = XCBuildConfiguration;
			buildSettings = {
				ALWAYS_SEARCH_USER_PATHS = NO;
				ASSETCATALOG_COMPILER_GENERATE_SWIFT_ASSET_SYMBOL_EXTENSIONS = YES;
				CLANG_ANALYZER_NONNULL = YES;
				CLANG_ANALYZER_NUMBER_OBJECT_CONVERSION = YES_AGGRESSIVE;
				CLANG_CXX_LANGUAGE_STANDARD = "gnu++20";
				CLANG_ENABLE_MODULES = YES;
				CLANG_ENABLE_OBJC_ARC = YES;
				CLANG_ENABLE_OBJC_WEAK = YES;
				CLANG_WARN_BLOCK_CAPTURE_AUTORELEASING = YES;
				CLANG_WARN_BOOL_CONVERSION = YES;
				CLANG_WARN_COMMA = YES;
				CLANG_WARN_CONSTANT_CONVERSION = YES;
				CLANG_WARN_DEPRECATED_OBJC_IMPLEMENTATIONS = YES;
				CLANG_WARN_DIRECT_OBJC_ISA_USAGE = YES_ERROR;
				CLANG_WARN_DOCUMENTATION_COMMENTS = YES;
				CLANG_WARN_EMPTY_BODY = YES;
				CLANG_WARN_ENUM_CONVERSION = YES;
				CLANG_WARN_INFINITE_RECURSION = YES;
				CLANG_WARN_INT_CONVERSION = YES;
				CLANG_WARN_NON_LITERAL_NULL_CONVERSION = YES;
				CLANG_WARN_OBJC_IMPLICIT_RETAIN_SELF = YES;
				CLANG_WARN_OBJC_LITERAL_CONVERSION = YES;
				CLANG_WARN_OBJC_ROOT_CLASS = YES_ERROR;
				CLANG_WARN_QUOTED_INCLUDE_IN_FRAMEWORK_HEADER = YES;
				CLANG_WARN_RANGE_LOOP_ANALYSIS = YES;
				CLANG_WARN_STRICT_PROTOTYPES = YES;
				CLANG_WARN_SUSPICIOUS_MOVE = YES;
				CLANG_WARN_UNGUARDED_AVAILABILITY = YES_AGGRESSIVE;
				CLANG_WARN_UNREACHABLE_CODE = YES;
				CLANG_WARN__DUPLICATE_METHOD_MATCH = YES;
				COPY_PHASE_STRIP = NO;
				DEBUG_INFORMATION_FORMAT = "dwarf-with-dsym";
				ENABLE_NS_ASSERTIONS = NO;
				ENABLE_STRICT_OBJC_MSGSEND = YES;
				ENABLE_USER_SCRIPT_SANDBOXING = YES;
				GCC_C_LANGUAGE_STANDARD = gnu17;
				GCC_NO_COMMON_BLOCKS = YES;
				GCC_WARN_64_TO_32_BIT_CONVERSION = YES;
				GCC_WARN_ABOUT_RETURN_TYPE = YES_ERROR;
				GCC_WARN_UNDECLARED_SELECTOR = YES;
				GCC_WARN_UNINITIALIZED_AUTOS = YES_AGGRESSIVE;
				GCC_WARN_UNUSED_FUNCTION = YES;
				GCC_WARN_UNUSED_VARIABLE = YES;
				IPHONEOS_DEPLOYMENT_TARGET = 18.1;
				LOCALIZATION_PREFERS_STRING_CATALOGS = YES;
				MTL_ENABLE_DEBUG_INFO = NO;
				MTL_FAST_MATH = YES;
				SDKROOT = iphoneos;
				SWIFT_COMPILATION_MODE = wholemodule;
				VALIDATE_PRODUCT = YES;
			};
			name = Release;
		};
		AE0056E42CD4046B00661FB3 /* Debug */ = {
			isa = XCBuildConfiguration;
			buildSettings = {
				ASSETCATALOG_COMPILER_APPICON_NAME = AppIcon;
				ASSETCATALOG_COMPILER_GLOBAL_ACCENT_COLOR_NAME = AccentColor;
				CODE_SIGN_STYLE = Automatic;
				CURRENT_PROJECT_VERSION = 1;
				DEVELOPMENT_ASSET_PATHS = "\"SwiftRecipe/Preview Content\"";
				ENABLE_PREVIEWS = YES;
				GENERATE_INFOPLIST_FILE = YES;
				INFOPLIST_KEY_UIApplicationSceneManifest_Generation = YES;
				INFOPLIST_KEY_UIApplicationSupportsIndirectInputEvents = YES;
				INFOPLIST_KEY_UILaunchScreen_Generation = YES;
				INFOPLIST_KEY_UISupportedInterfaceOrientations_iPad = "UIInterfaceOrientationPortrait UIInterfaceOrientationPortraitUpsideDown UIInterfaceOrientationLandscapeLeft UIInterfaceOrientationLandscapeRight";
				INFOPLIST_KEY_UISupportedInterfaceOrientations_iPhone = "UIInterfaceOrientationPortrait UIInterfaceOrientationLandscapeLeft UIInterfaceOrientationLandscapeRight";
				LD_RUNPATH_SEARCH_PATHS = (
					"$(inherited)",
					"@executable_path/Frameworks",
				);
				MARKETING_VERSION = 1.0;
				PRODUCT_BUNDLE_IDENTIFIER = "MAD9012-Week9.SwiftRecipe";
				PRODUCT_NAME = "$(TARGET_NAME)";
				SWIFT_EMIT_LOC_STRINGS = YES;
				SWIFT_VERSION = 5.0;
				TARGETED_DEVICE_FAMILY = "1,2";
			};
			name = Debug;
		};
		AE0056E52CD4046B00661FB3 /* Release */ = {
			isa = XCBuildConfiguration;
			buildSettings = {
				ASSETCATALOG_COMPILER_APPICON_NAME = AppIcon;
				ASSETCATALOG_COMPILER_GLOBAL_ACCENT_COLOR_NAME = AccentColor;
				CODE_SIGN_STYLE = Automatic;
				CURRENT_PROJECT_VERSION = 1;
				DEVELOPMENT_ASSET_PATHS = "\"SwiftRecipe/Preview Content\"";
				ENABLE_PREVIEWS = YES;
				GENERATE_INFOPLIST_FILE = YES;
				INFOPLIST_KEY_UIApplicationSceneManifest_Generation = YES;
				INFOPLIST_KEY_UIApplicationSupportsIndirectInputEvents = YES;
				INFOPLIST_KEY_UILaunchScreen_Generation = YES;
				INFOPLIST_KEY_UISupportedInterfaceOrientations_iPad = "UIInterfaceOrientationPortrait UIInterfaceOrientationPortraitUpsideDown UIInterfaceOrientationLandscapeLeft UIInterfaceOrientationLandscapeRight";
				INFOPLIST_KEY_UISupportedInterfaceOrientations_iPhone = "UIInterfaceOrientationPortrait UIInterfaceOrientationLandscapeLeft UIInterfaceOrientationLandscapeRight";
				LD_RUNPATH_SEARCH_PATHS = (
					"$(inherited)",
					"@executable_path/Frameworks",
				);
				MARKETING_VERSION = 1.0;
				PRODUCT_BUNDLE_IDENTIFIER = "MAD9012-Week9.SwiftRecipe";
				PRODUCT_NAME = "$(TARGET_NAME)";
				SWIFT_EMIT_LOC_STRINGS = YES;
				SWIFT_VERSION = 5.0;
				TARGETED_DEVICE_FAMILY = "1,2";
			};
			name = Release;
		};
		AE0056E72CD4046B00661FB3 /* Debug */ = {
			isa = XCBuildConfiguration;
			buildSettings = {
				BUNDLE_LOADER = "$(TEST_HOST)";
				CODE_SIGN_STYLE = Automatic;
				CURRENT_PROJECT_VERSION = 1;
				GENERATE_INFOPLIST_FILE = YES;
				IPHONEOS_DEPLOYMENT_TARGET = 18.1;
				MARKETING_VERSION = 1.0;
				PRODUCT_BUNDLE_IDENTIFIER = "MAD9012-Week9.SwiftRecipeTests";
				PRODUCT_NAME = "$(TARGET_NAME)";
				SWIFT_EMIT_LOC_STRINGS = NO;
				SWIFT_VERSION = 5.0;
				TARGETED_DEVICE_FAMILY = "1,2";
				TEST_HOST = "$(BUILT_PRODUCTS_DIR)/SwiftRecipe.app/$(BUNDLE_EXECUTABLE_FOLDER_PATH)/SwiftRecipe";
			};
			name = Debug;
		};
		AE0056E82CD4046B00661FB3 /* Release */ = {
			isa = XCBuildConfiguration;
			buildSettings = {
				BUNDLE_LOADER = "$(TEST_HOST)";
				CODE_SIGN_STYLE = Automatic;
				CURRENT_PROJECT_VERSION = 1;
				GENERATE_INFOPLIST_FILE = YES;
				IPHONEOS_DEPLOYMENT_TARGET = 18.1;
				MARKETING_VERSION = 1.0;
				PRODUCT_BUNDLE_IDENTIFIER = "MAD9012-Week9.SwiftRecipeTests";
				PRODUCT_NAME = "$(TARGET_NAME)";
				SWIFT_EMIT_LOC_STRINGS = NO;
				SWIFT_VERSION = 5.0;
				TARGETED_DEVICE_FAMILY = "1,2";
				TEST_HOST = "$(BUILT_PRODUCTS_DIR)/SwiftRecipe.app/$(BUNDLE_EXECUTABLE_FOLDER_PATH)/SwiftRecipe";
			};
			name = Release;
		};
		AE0056EA2CD4046B00661FB3 /* Debug */ = {
			isa = XCBuildConfiguration;
			buildSettings = {
				CODE_SIGN_STYLE = Automatic;
				CURRENT_PROJECT_VERSION = 1;
				GENERATE_INFOPLIST_FILE = YES;
				MARKETING_VERSION = 1.0;
				PRODUCT_BUNDLE_IDENTIFIER = "MAD9012-Week9.SwiftRecipeUITests";
				PRODUCT_NAME = "$(TARGET_NAME)";
				SWIFT_EMIT_LOC_STRINGS = NO;
				SWIFT_VERSION = 5.0;
				TARGETED_DEVICE_FAMILY = "1,2";
				TEST_TARGET_NAME = SwiftRecipe;
			};
			name = Debug;
		};
		AE0056EB2CD4046B00661FB3 /* Release */ = {
			isa = XCBuildConfiguration;
			buildSettings = {
				CODE_SIGN_STYLE = Automatic;
				CURRENT_PROJECT_VERSION = 1;
				GENERATE_INFOPLIST_FILE = YES;
				MARKETING_VERSION = 1.0;
				PRODUCT_BUNDLE_IDENTIFIER = "MAD9012-Week9.SwiftRecipeUITests";
				PRODUCT_NAME = "$(TARGET_NAME)";
				SWIFT_EMIT_LOC_STRINGS = NO;
				SWIFT_VERSION = 5.0;
				TARGETED_DEVICE_FAMILY = "1,2";
				TEST_TARGET_NAME = SwiftRecipe;
			};
			name = Release;
		};
/* End XCBuildConfiguration section */

/* Begin XCConfigurationList section */
		AE0056BA2CD4045A00661FB3 /* Build configuration list for PBXProject "SwiftRecipe" */ = {
			isa = XCConfigurationList;
			buildConfigurations = (
				AE0056E12CD4046B00661FB3 /* Debug */,
				AE0056E22CD4046B00661FB3 /* Release */,
			);
			defaultConfigurationIsVisible = 0;
			defaultConfigurationName = Release;
		};
		AE0056E32CD4046B00661FB3 /* Build configuration list for PBXNativeTarget "SwiftRecipe" */ = {
			isa = XCConfigurationList;
			buildConfigurations = (
				AE0056E42CD4046B00661FB3 /* Debug */,
				AE0056E52CD4046B00661FB3 /* Release */,
			);
			defaultConfigurationIsVisible = 0;
			defaultConfigurationName = Release;
		};
		AE0056E62CD4046B00661FB3 /* Build configuration list for PBXNativeTarget "SwiftRecipeTests" */ = {
			isa = XCConfigurationList;
			buildConfigurations = (
				AE0056E72CD4046B00661FB3 /* Debug */,
				AE0056E82CD4046B00661FB3 /* Release */,
			);
			defaultConfigurationIsVisible = 0;
			defaultConfigurationName = Release;
		};
		AE0056E92CD4046B00661FB3 /* Build configuration list for PBXNativeTarget "SwiftRecipeUITests" */ = {
			isa = XCConfigurationList;
			buildConfigurations = (
				AE0056EA2CD4046B00661FB3 /* Debug */,
				AE0056EB2CD4046B00661FB3 /* Release */,
			);
			defaultConfigurationIsVisible = 0;
			defaultConfigurationName = Release;
		};
/* End XCConfigurationList section */
	};
	rootObject = AE0056B72CD4045A00661FB3 /* Project object */;
}
